
Microsoft Visual Studio Solution File, Format Version 12.00
# Visual Studio 14
VisualStudioVersion = 14.0.25420.1
MinimumVisualStudioVersion = 10.0.40219.1
Project("{FAE04EC0-301F-11D3-BF4B-00C04F79EFBC}") = "OATools", "OATools\OATools.csproj", "{38CE0FDB-B54E-4391-89AE-E322BBBC7460}"
EndProject
Project("{54435603-DBB4-11D2-8724-00A0C9A8B90C}") = "OA Tools Setup", "Setup\Setup.vdproj", "{89F45D6A-FC63-48C8-8A12-5C8FF6156373}"
EndProject
Project("{FAE04EC0-301F-11D3-BF4B-00C04F79EFBC}") = "Ribbon", "Ribbon\Ribbon.csproj", "{FB39C0E1-6EFC-45B9-89FC-DA06C9A24083}"
EndProject
Project("{FAE04EC0-301F-11D3-BF4B-00C04F79EFBC}") = "OAToolsUpdater", "OAToolsUpdater\OAToolsUpdater.csproj", "{5AE7ED62-4EC3-4169-9DF5-54D1DC71E081}"
EndProject
Project("{FAE04EC0-301F-11D3-BF4B-00C04F79EFBC}") = "StartupProject", "StartupProject\StartupProject.csproj", "{960DA59A-8D98-409C-B29B-01898A8D9FD5}"
EndProject
Project("{FAE04EC0-301F-11D3-BF4B-00C04F79EFBC}") = "OAToolsApplyUpdates", "OAToolsApplyUpdates\OAToolsApplyUpdates.csproj", "{9496E825-AB1D-4220-BD9E-54B149EA9200}"
EndProject
Project("{FAE04EC0-301F-11D3-BF4B-00C04F79EFBC}") = "OAToolsApplyUpdate", "OAToolsApplyUpdate\OAToolsApplyUpdate.csproj", "{F6134C5D-A2F1-40FB-A01E-FAFFF9A1AD09}"
EndProject
Global
	GlobalSection(SolutionConfigurationPlatforms) = preSolution
		Debug|Any CPU = Debug|Any CPU
		Debug|ARM = Debug|ARM
		Debug|x64 = Debug|x64
		Debug|x86 = Debug|x86
		Release|Any CPU = Release|Any CPU
		Release|ARM = Release|ARM
		Release|x64 = Release|x64
		Release|x86 = Release|x86
	EndGlobalSection
	GlobalSection(ProjectConfigurationPlatforms) = postSolution
		{38CE0FDB-B54E-4391-89AE-E322BBBC7460}.Debug|Any CPU.ActiveCfg = Debug|Any CPU
		{38CE0FDB-B54E-4391-89AE-E322BBBC7460}.Debug|Any CPU.Build.0 = Debug|Any CPU
		{38CE0FDB-B54E-4391-89AE-E322BBBC7460}.Debug|ARM.ActiveCfg = Debug|Any CPU
		{38CE0FDB-B54E-4391-89AE-E322BBBC7460}.Debug|ARM.Build.0 = Debug|Any CPU
		{38CE0FDB-B54E-4391-89AE-E322BBBC7460}.Debug|x64.ActiveCfg = Debug|x64
		{38CE0FDB-B54E-4391-89AE-E322BBBC7460}.Debug|x64.Build.0 = Debug|x64
		{38CE0FDB-B54E-4391-89AE-E322BBBC7460}.Debug|x86.ActiveCfg = Debug|x86
		{38CE0FDB-B54E-4391-89AE-E322BBBC7460}.Debug|x86.Build.0 = Debug|x86
		{38CE0FDB-B54E-4391-89AE-E322BBBC7460}.Release|Any CPU.ActiveCfg = Release|Any CPU
		{38CE0FDB-B54E-4391-89AE-E322BBBC7460}.Release|Any CPU.Build.0 = Release|Any CPU
		{38CE0FDB-B54E-4391-89AE-E322BBBC7460}.Release|Any CPU.Deploy.0 = Release|Any CPU
		{38CE0FDB-B54E-4391-89AE-E322BBBC7460}.Release|ARM.ActiveCfg = Release|Any CPU
		{38CE0FDB-B54E-4391-89AE-E322BBBC7460}.Release|ARM.Build.0 = Release|Any CPU
		{38CE0FDB-B54E-4391-89AE-E322BBBC7460}.Release|x64.ActiveCfg = Release|x64
		{38CE0FDB-B54E-4391-89AE-E322BBBC7460}.Release|x64.Build.0 = Release|x64
		{38CE0FDB-B54E-4391-89AE-E322BBBC7460}.Release|x86.ActiveCfg = Release|x86
		{38CE0FDB-B54E-4391-89AE-E322BBBC7460}.Release|x86.Build.0 = Release|x86
		{89F45D6A-FC63-48C8-8A12-5C8FF6156373}.Debug|Any CPU.ActiveCfg = Debug
		{89F45D6A-FC63-48C8-8A12-5C8FF6156373}.Debug|ARM.ActiveCfg = Debug
		{89F45D6A-FC63-48C8-8A12-5C8FF6156373}.Debug|ARM.Build.0 = Debug
		{89F45D6A-FC63-48C8-8A12-5C8FF6156373}.Debug|x64.ActiveCfg = Debug
		{89F45D6A-FC63-48C8-8A12-5C8FF6156373}.Debug|x86.ActiveCfg = Debug
		{89F45D6A-FC63-48C8-8A12-5C8FF6156373}.Release|Any CPU.ActiveCfg = Release
		{89F45D6A-FC63-48C8-8A12-5C8FF6156373}.Release|ARM.ActiveCfg = Release
		{89F45D6A-FC63-48C8-8A12-5C8FF6156373}.Release|ARM.Build.0 = Release
		{89F45D6A-FC63-48C8-8A12-5C8FF6156373}.Release|x64.ActiveCfg = Release
		{89F45D6A-FC63-48C8-8A12-5C8FF6156373}.Release|x64.Build.0 = Release
		{89F45D6A-FC63-48C8-8A12-5C8FF6156373}.Release|x86.ActiveCfg = Release
		{FB39C0E1-6EFC-45B9-89FC-DA06C9A24083}.Debug|Any CPU.ActiveCfg = Debug|Any CPU
		{FB39C0E1-6EFC-45B9-89FC-DA06C9A24083}.Debug|Any CPU.Build.0 = Debug|Any CPU
		{FB39C0E1-6EFC-45B9-89FC-DA06C9A24083}.Debug|ARM.ActiveCfg = Debug|Any CPU
		{FB39C0E1-6EFC-45B9-89FC-DA06C9A24083}.Debug|ARM.Build.0 = Debug|Any CPU
		{FB39C0E1-6EFC-45B9-89FC-DA06C9A24083}.Debug|x64.ActiveCfg = Debug|Any CPU
		{FB39C0E1-6EFC-45B9-89FC-DA06C9A24083}.Debug|x64.Build.0 = Debug|Any CPU
		{FB39C0E1-6EFC-45B9-89FC-DA06C9A24083}.Debug|x86.ActiveCfg = Debug|Any CPU
		{FB39C0E1-6EFC-45B9-89FC-DA06C9A24083}.Debug|x86.Build.0 = Debug|Any CPU
		{FB39C0E1-6EFC-45B9-89FC-DA06C9A24083}.Release|Any CPU.ActiveCfg = Release|Any CPU
		{FB39C0E1-6EFC-45B9-89FC-DA06C9A24083}.Release|Any CPU.Build.0 = Release|Any CPU
		{FB39C0E1-6EFC-45B9-89FC-DA06C9A24083}.Release|ARM.ActiveCfg = Release|Any CPU
		{FB39C0E1-6EFC-45B9-89FC-DA06C9A24083}.Release|ARM.Build.0 = Release|Any CPU
		{FB39C0E1-6EFC-45B9-89FC-DA06C9A24083}.Release|x64.ActiveCfg = Release|Any CPU
		{FB39C0E1-6EFC-45B9-89FC-DA06C9A24083}.Release|x64.Build.0 = Release|Any CPU
		{FB39C0E1-6EFC-45B9-89FC-DA06C9A24083}.Release|x86.ActiveCfg = Release|Any CPU
		{FB39C0E1-6EFC-45B9-89FC-DA06C9A24083}.Release|x86.Build.0 = Release|Any CPU
		{5AE7ED62-4EC3-4169-9DF5-54D1DC71E081}.Debug|Any CPU.ActiveCfg = Debug|Any CPU
		{5AE7ED62-4EC3-4169-9DF5-54D1DC71E081}.Debug|Any CPU.Build.0 = Debug|Any CPU
		{5AE7ED62-4EC3-4169-9DF5-54D1DC71E081}.Debug|ARM.ActiveCfg = Debug|Any CPU
		{5AE7ED62-4EC3-4169-9DF5-54D1DC71E081}.Debug|ARM.Build.0 = Debug|Any CPU
		{5AE7ED62-4EC3-4169-9DF5-54D1DC71E081}.Debug|x64.ActiveCfg = Debug|Any CPU
		{5AE7ED62-4EC3-4169-9DF5-54D1DC71E081}.Debug|x64.Build.0 = Debug|Any CPU
		{5AE7ED62-4EC3-4169-9DF5-54D1DC71E081}.Debug|x86.ActiveCfg = Debug|Any CPU
		{5AE7ED62-4EC3-4169-9DF5-54D1DC71E081}.Debug|x86.Build.0 = Debug|Any CPU
		{5AE7ED62-4EC3-4169-9DF5-54D1DC71E081}.Release|Any CPU.ActiveCfg = Release|Any CPU
		{5AE7ED62-4EC3-4169-9DF5-54D1DC71E081}.Release|Any CPU.Build.0 = Release|Any CPU
		{5AE7ED62-4EC3-4169-9DF5-54D1DC71E081}.Release|ARM.ActiveCfg = Release|Any CPU
		{5AE7ED62-4EC3-4169-9DF5-54D1DC71E081}.Release|ARM.Build.0 = Release|Any CPU
		{5AE7ED62-4EC3-4169-9DF5-54D1DC71E081}.Release|x64.ActiveCfg = Release|Any CPU
		{5AE7ED62-4EC3-4169-9DF5-54D1DC71E081}.Release|x64.Build.0 = Release|Any CPU
		{5AE7ED62-4EC3-4169-9DF5-54D1DC71E081}.Release|x86.ActiveCfg = Release|Any CPU
		{5AE7ED62-4EC3-4169-9DF5-54D1DC71E081}.Release|x86.Build.0 = Release|Any CPU
		{960DA59A-8D98-409C-B29B-01898A8D9FD5}.Debug|Any CPU.ActiveCfg = Debug|Any CPU
		{960DA59A-8D98-409C-B29B-01898A8D9FD5}.Debug|Any CPU.Build.0 = Debug|Any CPU
		{960DA59A-8D98-409C-B29B-01898A8D9FD5}.Debug|ARM.ActiveCfg = Debug|Any CPU
		{960DA59A-8D98-409C-B29B-01898A8D9FD5}.Debug|ARM.Build.0 = Debug|Any CPU
		{960DA59A-8D98-409C-B29B-01898A8D9FD5}.Debug|x64.ActiveCfg = Debug|Any CPU
		{960DA59A-8D98-409C-B29B-01898A8D9FD5}.Debug|x64.Build.0 = Debug|Any CPU
		{960DA59A-8D98-409C-B29B-01898A8D9FD5}.Debug|x86.ActiveCfg = Debug|Any CPU
		{960DA59A-8D98-409C-B29B-01898A8D9FD5}.Debug|x86.Build.0 = Debug|Any CPU
		{960DA59A-8D98-409C-B29B-01898A8D9FD5}.Release|Any CPU.ActiveCfg = Release|Any CPU
		{960DA59A-8D98-409C-B29B-01898A8D9FD5}.Release|Any CPU.Build.0 = Release|Any CPU
		{960DA59A-8D98-409C-B29B-01898A8D9FD5}.Release|ARM.ActiveCfg = Release|Any CPU
		{960DA59A-8D98-409C-B29B-01898A8D9FD5}.Release|ARM.Build.0 = Release|Any CPU
		{960DA59A-8D98-409C-B29B-01898A8D9FD5}.Release|x64.ActiveCfg = Release|Any CPU
		{960DA59A-8D98-409C-B29B-01898A8D9FD5}.Release|x64.Build.0 = Release|Any CPU
		{960DA59A-8D98-409C-B29B-01898A8D9FD5}.Release|x86.ActiveCfg = Release|Any CPU
		{960DA59A-8D98-409C-B29B-01898A8D9FD5}.Release|x86.Build.0 = Release|Any CPU
		{9496E825-AB1D-4220-BD9E-54B149EA9200}.Debug|Any CPU.ActiveCfg = Debug|Any CPU
		{9496E825-AB1D-4220-BD9E-54B149EA9200}.Debug|Any CPU.Build.0 = Debug|Any CPU
		{9496E825-AB1D-4220-BD9E-54B149EA9200}.Debug|ARM.ActiveCfg = Debug|Any CPU
		{9496E825-AB1D-4220-BD9E-54B149EA9200}.Debug|ARM.Build.0 = Debug|Any CPU
		{9496E825-AB1D-4220-BD9E-54B149EA9200}.Debug|x64.ActiveCfg = Debug|Any CPU
		{9496E825-AB1D-4220-BD9E-54B149EA9200}.Debug|x64.Build.0 = Debug|Any CPU
		{9496E825-AB1D-4220-BD9E-54B149EA9200}.Debug|x86.ActiveCfg = Debug|Any CPU
		{9496E825-AB1D-4220-BD9E-54B149EA9200}.Debug|x86.Build.0 = Debug|Any CPU
		{9496E825-AB1D-4220-BD9E-54B149EA9200}.Release|Any CPU.ActiveCfg = Release|Any CPU
		{9496E825-AB1D-4220-BD9E-54B149EA9200}.Release|Any CPU.Build.0 = Release|Any CPU
		{9496E825-AB1D-4220-BD9E-54B149EA9200}.Release|ARM.ActiveCfg = Release|Any CPU
		{9496E825-AB1D-4220-BD9E-54B149EA9200}.Release|ARM.Build.0 = Release|Any CPU
		{9496E825-AB1D-4220-BD9E-54B149EA9200}.Release|x64.ActiveCfg = Release|Any CPU
		{9496E825-AB1D-4220-BD9E-54B149EA9200}.Release|x64.Build.0 = Release|Any CPU
		{9496E825-AB1D-4220-BD9E-54B149EA9200}.Release|x86.ActiveCfg = Release|Any CPU
		{9496E825-AB1D-4220-BD9E-54B149EA9200}.Release|x86.Build.0 = Release|Any CPU
		{F6134C5D-A2F1-40FB-A01E-FAFFF9A1AD09}.Debug|Any CPU.ActiveCfg = Debug|Any CPU
		{F6134C5D-A2F1-40FB-A01E-FAFFF9A1AD09}.Debug|Any CPU.Build.0 = Debug|Any CPU
		{F6134C5D-A2F1-40FB-A01E-FAFFF9A1AD09}.Debug|ARM.ActiveCfg = Debug|Any CPU
		{F6134C5D-A2F1-40FB-A01E-FAFFF9A1AD09}.Debug|ARM.Build.0 = Debug|Any CPU
		{F6134C5D-A2F1-40FB-A01E-FAFFF9A1AD09}.Debug|x64.ActiveCfg = Debug|Any CPU
		{F6134C5D-A2F1-40FB-A01E-FAFFF9A1AD09}.Debug|x64.Build.0 = Debug|Any CPU
		{F6134C5D-A2F1-40FB-A01E-FAFFF9A1AD09}.Debug|x86.ActiveCfg = Debug|Any CPU
		{F6134C5D-A2F1-40FB-A01E-FAFFF9A1AD09}.Debug|x86.Build.0 = Debug|Any CPU
		{F6134C5D-A2F1-40FB-A01E-FAFFF9A1AD09}.Release|Any CPU.ActiveCfg = Release|Any CPU
		{F6134C5D-A2F1-40FB-A01E-FAFFF9A1AD09}.Release|Any CPU.Build.0 = Release|Any CPU
		{F6134C5D-A2F1-40FB-A01E-FAFFF9A1AD09}.Release|ARM.ActiveCfg = Release|Any CPU
		{F6134C5D-A2F1-40FB-A01E-FAFFF9A1AD09}.Release|ARM.Build.0 = Release|Any CPU
		{F6134C5D-A2F1-40FB-A01E-FAFFF9A1AD09}.Release|x64.ActiveCfg = Release|Any CPU
		{F6134C5D-A2F1-40FB-A01E-FAFFF9A1AD09}.Release|x64.Build.0 = Release|Any CPU
		{F6134C5D-A2F1-40FB-A01E-FAFFF9A1AD09}.Release|x86.ActiveCfg = Release|Any CPU
		{F6134C5D-A2F1-40FB-A01E-FAFFF9A1AD09}.Release|x86.Build.0 = Release|Any CPU
	EndGlobalSection
	GlobalSection(SolutionProperties) = preSolution
		HideSolutionNode = FALSE
	EndGlobalSection
EndGlobal
